
Microsoft Visual Studio Solution File, Format Version 12.00
# Visual Studio Version 17
VisualStudioVersion = 17.13.35913.81 d17.13
MinimumVisualStudioVersion = 10.0.40219.1
Project("{FAE04EC0-301F-11D3-BF4B-00C04F79EFBC}") = "WinFormStudy", "WinFormStudy\WinFormStudy.csproj", "{643AD2ED-6060-4017-ABC3-11668AF04160}"
EndProject
Global
	GlobalSection(SolutionConfigurationPlatforms) = preSolution
		Debug|Any CPU = Debug|Any CPU
		Release|Any CPU = Release|Any CPU
	EndGlobalSection
	GlobalSection(ProjectConfigurationPlatforms) = postSolution
		{643AD2ED-6060-4017-ABC3-11668AF04160}.Debug|Any CPU.ActiveCfg = Debug|Any CPU
		{643AD2ED-6060-4017-ABC3-11668AF04160}.Debug|Any CPU.Build.0 = Debug|Any CPU
		{643AD2ED-6060-4017-ABC3-11668AF04160}.Release|Any CPU.ActiveCfg = Release|Any CPU
		{643AD2ED-6060-4017-ABC3-11668AF04160}.Release|Any CPU.Build.0 = Release|Any CPU
	EndGlobalSection
	GlobalSection(SolutionProperties) = preSolution
		HideSolutionNode = FALSE
	EndGlobalSection
	GlobalSection(ExtensibilityGlobals) = postSolution
		SolutionGuid = {8D55427E-217D-49E1-A35C-7F17AD7AC472}
	EndGlobalSection
EndGlobal
